
Microsoft Visual Studio Solution File, Format Version 12.00
# Visual Studio Version 17
VisualStudioVersion = 17.14.36301.6
MinimumVisualStudioVersion = 10.0.40219.1
Project("{FAE04EC0-301F-11D3-BF4B-00C04F79EFBC}") = "WinFormsApp1", "WinFormsApp1\WinFormsApp1.csproj", "{C859BCC4-44EC-48C8-B776-114B1176BE95}"
EndProject
Project("{2150E333-8FDC-42A3-9474-1A3956D46DE8}") = "RelayServer", "RelayServer", "{729BE636-0715-CC5A-6AA7-698064AF7890}"
EndProject
Project("{FAE04EC0-301F-11D3-BF4B-00C04F79EFBC}") = "RemoteControl.RelayServer", "RelayServer\RemoteControl.RelayServer.csproj", "{9C280C0A-C92F-411F-93A4-1BC8F7159D4C}"
EndProject
Global
	GlobalSection(SolutionConfigurationPlatforms) = preSolution
		Debug|Any CPU = Debug|Any CPU
		Debug|x64 = Debug|x64
		Debug|x86 = Debug|x86
		Release|Any CPU = Release|Any CPU
		Release|x64 = Release|x64
		Release|x86 = Release|x86
	EndGlobalSection
	GlobalSection(ProjectConfigurationPlatforms) = postSolution
		{C859BCC4-44EC-48C8-B776-114B1176BE95}.Debug|Any CPU.ActiveCfg = Debug|Any CPU
		{C859BCC4-44EC-48C8-B776-114B1176BE95}.Debug|Any CPU.Build.0 = Debug|Any CPU
		{C859BCC4-44EC-48C8-B776-114B1176BE95}.Debug|x64.ActiveCfg = Debug|Any CPU
		{C859BCC4-44EC-48C8-B776-114B1176BE95}.Debug|x64.Build.0 = Debug|Any CPU
		{C859BCC4-44EC-48C8-B776-114B1176BE95}.Debug|x86.ActiveCfg = Debug|Any CPU
		{C859BCC4-44EC-48C8-B776-114B1176BE95}.Debug|x86.Build.0 = Debug|Any CPU
		{C859BCC4-44EC-48C8-B776-114B1176BE95}.Release|Any CPU.ActiveCfg = Release|Any CPU
		{C859BCC4-44EC-48C8-B776-114B1176BE95}.Release|Any CPU.Build.0 = Release|Any CPU
		{C859BCC4-44EC-48C8-B776-114B1176BE95}.Release|x64.ActiveCfg = Release|Any CPU
		{C859BCC4-44EC-48C8-B776-114B1176BE95}.Release|x64.Build.0 = Release|Any CPU
		{C859BCC4-44EC-48C8-B776-114B1176BE95}.Release|x86.ActiveCfg = Release|Any CPU
		{C859BCC4-44EC-48C8-B776-114B1176BE95}.Release|x86.Build.0 = Release|Any CPU
		{9C280C0A-C92F-411F-93A4-1BC8F7159D4C}.Debug|Any CPU.ActiveCfg = Debug|Any CPU
		{9C280C0A-C92F-411F-93A4-1BC8F7159D4C}.Debug|Any CPU.Build.0 = Debug|Any CPU
		{9C280C0A-C92F-411F-93A4-1BC8F7159D4C}.Debug|x64.ActiveCfg = Debug|Any CPU
		{9C280C0A-C92F-411F-93A4-1BC8F7159D4C}.Debug|x64.Build.0 = Debug|Any CPU
		{9C280C0A-C92F-411F-93A4-1BC8F7159D4C}.Debug|x86.ActiveCfg = Debug|Any CPU
		{9C280C0A-C92F-411F-93A4-1BC8F7159D4C}.Debug|x86.Build.0 = Debug|Any CPU
		{9C280C0A-C92F-411F-93A4-1BC8F7159D4C}.Release|Any CPU.ActiveCfg = Release|Any CPU
		{9C280C0A-C92F-411F-93A4-1BC8F7159D4C}.Release|Any CPU.Build.0 = Release|Any CPU
		{9C280C0A-C92F-411F-93A4-1BC8F7159D4C}.Release|x64.ActiveCfg = Release|Any CPU
		{9C280C0A-C92F-411F-93A4-1BC8F7159D4C}.Release|x64.Build.0 = Release|Any CPU
		{9C280C0A-C92F-411F-93A4-1BC8F7159D4C}.Release|x86.ActiveCfg = Release|Any CPU
		{9C280C0A-C92F-411F-93A4-1BC8F7159D4C}.Release|x86.Build.0 = Release|Any CPU
	EndGlobalSection
	GlobalSection(SolutionProperties) = preSolution
		HideSolutionNode = FALSE
	EndGlobalSection
	GlobalSection(NestedProjects) = preSolution
		{9C280C0A-C92F-411F-93A4-1BC8F7159D4C} = {729BE636-0715-CC5A-6AA7-698064AF7890}
	EndGlobalSection
	GlobalSection(ExtensibilityGlobals) = postSolution
		SolutionGuid = {C5C2303A-F527-4295-B9C6-7C5B2A4F8E59}
	EndGlobalSection
EndGlobal
